
Microsoft Visual Studio Solution File, Format Version 12.00
# Visual Studio Version 17
VisualStudioVersion = 17.3.32929.385
MinimumVisualStudioVersion = 10.0.40219.1
Project("{FAE04EC0-301F-11D3-BF4B-00C04F79EFBC}") = "MultilevelInheritance", "MultilevelInheritance\MultilevelInheritance.csproj", "{B4192052-E573-4B02-82A1-41DDF9AC8C40}"
EndProject
Global
	GlobalSection(SolutionConfigurationPlatforms) = preSolution
		Debug|Any CPU = Debug|Any CPU
		Release|Any CPU = Release|Any CPU
	EndGlobalSection
	GlobalSection(ProjectConfigurationPlatforms) = postSolution
		{B4192052-E573-4B02-82A1-41DDF9AC8C40}.Debug|Any CPU.ActiveCfg = Debug|Any CPU
		{B4192052-E573-4B02-82A1-41DDF9AC8C40}.Debug|Any CPU.Build.0 = Debug|Any CPU
		{B4192052-E573-4B02-82A1-41DDF9AC8C40}.Release|Any CPU.ActiveCfg = Release|Any CPU
		{B4192052-E573-4B02-82A1-41DDF9AC8C40}.Release|Any CPU.Build.0 = Release|Any CPU
	EndGlobalSection
	GlobalSection(SolutionProperties) = preSolution
		HideSolutionNode = FALSE
	EndGlobalSection
	GlobalSection(ExtensibilityGlobals) = postSolution
		SolutionGuid = {D6D7A3A6-1422-4C77-A446-C2F66A570645}
	EndGlobalSection
EndGlobal
